
Microsoft Visual Studio Solution File, Format Version 12.00
# Visual Studio Version 17
VisualStudioVersion = 17.2.32616.157
MinimumVisualStudioVersion = 10.0.40219.1
Project("{FAE04EC0-301F-11D3-BF4B-00C04F79EFBC}") = "API1", "API1\API1.csproj", "{FB07305B-38FE-42B1-9BB0-BF7ED62F1F63}"
EndProject
Global
	GlobalSection(SolutionConfigurationPlatforms) = preSolution
		Debug|Any CPU = Debug|Any CPU
		Release|Any CPU = Release|Any CPU
	EndGlobalSection
	GlobalSection(ProjectConfigurationPlatforms) = postSolution
		{FB07305B-38FE-42B1-9BB0-BF7ED62F1F63}.Debug|Any CPU.ActiveCfg = Debug|Any CPU
		{FB07305B-38FE-42B1-9BB0-BF7ED62F1F63}.Debug|Any CPU.Build.0 = Debug|Any CPU
		{FB07305B-38FE-42B1-9BB0-BF7ED62F1F63}.Release|Any CPU.ActiveCfg = Release|Any CPU
		{FB07305B-38FE-42B1-9BB0-BF7ED62F1F63}.Release|Any CPU.Build.0 = Release|Any CPU
	EndGlobalSection
	GlobalSection(SolutionProperties) = preSolution
		HideSolutionNode = FALSE
	EndGlobalSection
	GlobalSection(ExtensibilityGlobals) = postSolution
		SolutionGuid = {78FD924F-BEBD-4DFD-B29E-D8F73FB553A5}
	EndGlobalSection
EndGlobal
